
Microsoft Visual Studio Solution File, Format Version 12.00
# Visual Studio Version 17
VisualStudioVersion = 17.9.34607.119
MinimumVisualStudioVersion = 10.0.40219.1
Project("{8BC9CEB8-8B4A-11D0-8D11-00A0C91BC942}") = "BT3_Bai_3", "BT3_Bai_3\BT3_Bai_3.vcxproj", "{F187B4F2-EB8D-4D0A-AFC0-E9A80ACE0239}"
EndProject
Project("{8BC9CEB8-8B4A-11D0-8D11-00A0C91BC942}") = "BT1_Bai_1", "BT1_Bai_1\BT1_Bai_1.vcxproj", "{67F61D04-1296-4646-ABC7-C917299D5BEB}"
EndProject
Project("{8BC9CEB8-8B4A-11D0-8D11-00A0C91BC942}") = "BT1_Bai_2", "BT1_Bai_2\BT1_Bai_2.vcxproj", "{27EBC57B-9C1B-4FCE-B3C8-D4DFC361DF10}"
EndProject
Project("{8BC9CEB8-8B4A-11D0-8D11-00A0C91BC942}") = "BT1_Bai_3", "BT1_Bai_3\BT1_Bai_3.vcxproj", "{25B8A74B-FE13-402C-A484-8CF7DE9F624D}"
EndProject
Project("{8BC9CEB8-8B4A-11D0-8D11-00A0C91BC942}") = "BT1_Bai_4", "BT1_Bai_4\BT1_Bai_4.vcxproj", "{6AE04F02-A08C-431F-946C-3669470C1A9F}"
EndProject
Project("{8BC9CEB8-8B4A-11D0-8D11-00A0C91BC942}") = "BT1_Bai_5", "BT1_Bai_5\BT1_Bai_5.vcxproj", "{380E78DF-0C78-40C0-9868-BFAF7E33F3CB}"
EndProject
Project("{8BC9CEB8-8B4A-11D0-8D11-00A0C91BC942}") = "BT2_Bai_1", "BT2_Bai_1\BT2_Bai_1.vcxproj", "{BF34CFB1-1EC9-4098-89E0-56B1923AF630}"
EndProject
Project("{8BC9CEB8-8B4A-11D0-8D11-00A0C91BC942}") = "BT2_Bai_2", "BT2_Bai_2\BT2_Bai_2.vcxproj", "{1E7451A8-2428-4823-8586-EC4B54A8FE08}"
EndProject
Project("{8BC9CEB8-8B4A-11D0-8D11-00A0C91BC942}") = "BT2_Bai_3", "BT2_Bai_3\BT2_Bai_3.vcxproj", "{160B3377-C6FF-48B4-8403-08CDC32A0F41}"
EndProject
Global
	GlobalSection(SolutionConfigurationPlatforms) = preSolution
		Debug|x64 = Debug|x64
		Debug|x86 = Debug|x86
		Release|x64 = Release|x64
		Release|x86 = Release|x86
	EndGlobalSection
	GlobalSection(ProjectConfigurationPlatforms) = postSolution
		{F187B4F2-EB8D-4D0A-AFC0-E9A80ACE0239}.Debug|x64.ActiveCfg = Debug|x64
		{F187B4F2-EB8D-4D0A-AFC0-E9A80ACE0239}.Debug|x64.Build.0 = Debug|x64
		{F187B4F2-EB8D-4D0A-AFC0-E9A80ACE0239}.Debug|x86.ActiveCfg = Debug|Win32
		{F187B4F2-EB8D-4D0A-AFC0-E9A80ACE0239}.Debug|x86.Build.0 = Debug|Win32
		{F187B4F2-EB8D-4D0A-AFC0-E9A80ACE0239}.Release|x64.ActiveCfg = Release|x64
		{F187B4F2-EB8D-4D0A-AFC0-E9A80ACE0239}.Release|x64.Build.0 = Release|x64
		{F187B4F2-EB8D-4D0A-AFC0-E9A80ACE0239}.Release|x86.ActiveCfg = Release|Win32
		{F187B4F2-EB8D-4D0A-AFC0-E9A80ACE0239}.Release|x86.Build.0 = Release|Win32
		{67F61D04-1296-4646-ABC7-C917299D5BEB}.Debug|x64.ActiveCfg = Debug|x64
		{67F61D04-1296-4646-ABC7-C917299D5BEB}.Debug|x64.Build.0 = Debug|x64
		{67F61D04-1296-4646-ABC7-C917299D5BEB}.Debug|x86.ActiveCfg = Debug|Win32
		{67F61D04-1296-4646-ABC7-C917299D5BEB}.Debug|x86.Build.0 = Debug|Win32
		{67F61D04-1296-4646-ABC7-C917299D5BEB}.Release|x64.ActiveCfg = Release|x64
		{67F61D04-1296-4646-ABC7-C917299D5BEB}.Release|x64.Build.0 = Release|x64
		{67F61D04-1296-4646-ABC7-C917299D5BEB}.Release|x86.ActiveCfg = Release|Win32
		{67F61D04-1296-4646-ABC7-C917299D5BEB}.Release|x86.Build.0 = Release|Win32
		{27EBC57B-9C1B-4FCE-B3C8-D4DFC361DF10}.Debug|x64.ActiveCfg = Debug|x64
		{27EBC57B-9C1B-4FCE-B3C8-D4DFC361DF10}.Debug|x64.Build.0 = Debug|x64
		{27EBC57B-9C1B-4FCE-B3C8-D4DFC361DF10}.Debug|x86.ActiveCfg = Debug|Win32
		{27EBC57B-9C1B-4FCE-B3C8-D4DFC361DF10}.Debug|x86.Build.0 = Debug|Win32
		{27EBC57B-9C1B-4FCE-B3C8-D4DFC361DF10}.Release|x64.ActiveCfg = Release|x64
		{27EBC57B-9C1B-4FCE-B3C8-D4DFC361DF10}.Release|x64.Build.0 = Release|x64
		{27EBC57B-9C1B-4FCE-B3C8-D4DFC361DF10}.Release|x86.ActiveCfg = Release|Win32
		{27EBC57B-9C1B-4FCE-B3C8-D4DFC361DF10}.Release|x86.Build.0 = Release|Win32
		{25B8A74B-FE13-402C-A484-8CF7DE9F624D}.Debug|x64.ActiveCfg = Debug|x64
		{25B8A74B-FE13-402C-A484-8CF7DE9F624D}.Debug|x64.Build.0 = Debug|x64
		{25B8A74B-FE13-402C-A484-8CF7DE9F624D}.Debug|x86.ActiveCfg = Debug|Win32
		{25B8A74B-FE13-402C-A484-8CF7DE9F624D}.Debug|x86.Build.0 = Debug|Win32
		{25B8A74B-FE13-402C-A484-8CF7DE9F624D}.Release|x64.ActiveCfg = Release|x64
		{25B8A74B-FE13-402C-A484-8CF7DE9F624D}.Release|x64.Build.0 = Release|x64
		{25B8A74B-FE13-402C-A484-8CF7DE9F624D}.Release|x86.ActiveCfg = Release|Win32
		{25B8A74B-FE13-402C-A484-8CF7DE9F624D}.Release|x86.Build.0 = Release|Win32
		{6AE04F02-A08C-431F-946C-3669470C1A9F}.Debug|x64.ActiveCfg = Debug|x64
		{6AE04F02-A08C-431F-946C-3669470C1A9F}.Debug|x64.Build.0 = Debug|x64
		{6AE04F02-A08C-431F-946C-3669470C1A9F}.Debug|x86.ActiveCfg = Debug|Win32
		{6AE04F02-A08C-431F-946C-3669470C1A9F}.Debug|x86.Build.0 = Debug|Win32
		{6AE04F02-A08C-431F-946C-3669470C1A9F}.Release|x64.ActiveCfg = Release|x64
		{6AE04F02-A08C-431F-946C-3669470C1A9F}.Release|x64.Build.0 = Release|x64
		{6AE04F02-A08C-431F-946C-3669470C1A9F}.Release|x86.ActiveCfg = Release|Win32
		{6AE04F02-A08C-431F-946C-3669470C1A9F}.Release|x86.Build.0 = Release|Win32
		{380E78DF-0C78-40C0-9868-BFAF7E33F3CB}.Debug|x64.ActiveCfg = Debug|x64
		{380E78DF-0C78-40C0-9868-BFAF7E33F3CB}.Debug|x64.Build.0 = Debug|x64
		{380E78DF-0C78-40C0-9868-BFAF7E33F3CB}.Debug|x86.ActiveCfg = Debug|Win32
		{380E78DF-0C78-40C0-9868-BFAF7E33F3CB}.Debug|x86.Build.0 = Debug|Win32
		{380E78DF-0C78-40C0-9868-BFAF7E33F3CB}.Release|x64.ActiveCfg = Release|x64
		{380E78DF-0C78-40C0-9868-BFAF7E33F3CB}.Release|x64.Build.0 = Release|x64
		{380E78DF-0C78-40C0-9868-BFAF7E33F3CB}.Release|x86.ActiveCfg = Release|Win32
		{380E78DF-0C78-40C0-9868-BFAF7E33F3CB}.Release|x86.Build.0 = Release|Win32
		{BF34CFB1-1EC9-4098-89E0-56B1923AF630}.Debug|x64.ActiveCfg = Debug|x64
		{BF34CFB1-1EC9-4098-89E0-56B1923AF630}.Debug|x64.Build.0 = Debug|x64
		{BF34CFB1-1EC9-4098-89E0-56B1923AF630}.Debug|x86.ActiveCfg = Debug|Win32
		{BF34CFB1-1EC9-4098-89E0-56B1923AF630}.Debug|x86.Build.0 = Debug|Win32
		{BF34CFB1-1EC9-4098-89E0-56B1923AF630}.Release|x64.ActiveCfg = Release|x64
		{BF34CFB1-1EC9-4098-89E0-56B1923AF630}.Release|x64.Build.0 = Release|x64
		{BF34CFB1-1EC9-4098-89E0-56B1923AF630}.Release|x86.ActiveCfg = Release|Win32
		{BF34CFB1-1EC9-4098-89E0-56B1923AF630}.Release|x86.Build.0 = Release|Win32
		{1E7451A8-2428-4823-8586-EC4B54A8FE08}.Debug|x64.ActiveCfg = Debug|x64
		{1E7451A8-2428-4823-8586-EC4B54A8FE08}.Debug|x64.Build.0 = Debug|x64
		{1E7451A8-2428-4823-8586-EC4B54A8FE08}.Debug|x86.ActiveCfg = Debug|Win32
		{1E7451A8-2428-4823-8586-EC4B54A8FE08}.Debug|x86.Build.0 = Debug|Win32
		{1E7451A8-2428-4823-8586-EC4B54A8FE08}.Release|x64.ActiveCfg = Release|x64
		{1E7451A8-2428-4823-8586-EC4B54A8FE08}.Release|x64.Build.0 = Release|x64
		{1E7451A8-2428-4823-8586-EC4B54A8FE08}.Release|x86.ActiveCfg = Release|Win32
		{1E7451A8-2428-4823-8586-EC4B54A8FE08}.Release|x86.Build.0 = Release|Win32
		{160B3377-C6FF-48B4-8403-08CDC32A0F41}.Debug|x64.ActiveCfg = Debug|x64
		{160B3377-C6FF-48B4-8403-08CDC32A0F41}.Debug|x64.Build.0 = Debug|x64
		{160B3377-C6FF-48B4-8403-08CDC32A0F41}.Debug|x86.ActiveCfg = Debug|Win32
		{160B3377-C6FF-48B4-8403-08CDC32A0F41}.Debug|x86.Build.0 = Debug|Win32
		{160B3377-C6FF-48B4-8403-08CDC32A0F41}.Release|x64.ActiveCfg = Release|x64
		{160B3377-C6FF-48B4-8403-08CDC32A0F41}.Release|x64.Build.0 = Release|x64
		{160B3377-C6FF-48B4-8403-08CDC32A0F41}.Release|x86.ActiveCfg = Release|Win32
		{160B3377-C6FF-48B4-8403-08CDC32A0F41}.Release|x86.Build.0 = Release|Win32
	EndGlobalSection
	GlobalSection(SolutionProperties) = preSolution
		HideSolutionNode = FALSE
	EndGlobalSection
	GlobalSection(ExtensibilityGlobals) = postSolution
		SolutionGuid = {880F4473-DAAE-443A-8D51-CE957AF5C930}
	EndGlobalSection
EndGlobal
