
Microsoft Visual Studio Solution File, Format Version 12.00
# Visual Studio Version 17
VisualStudioVersion = 17.9.34607.119
MinimumVisualStudioVersion = 10.0.40219.1
Project("{8BC9CEB8-8B4A-11D0-8D11-00A0C91BC942}") = "BT1-Bai_1", "BT1-Bai_1\BT1-Bai_1.vcxproj", "{99285F99-9E87-4A80-8723-C1183EF855B2}"
EndProject
Project("{8BC9CEB8-8B4A-11D0-8D11-00A0C91BC942}") = "BT1-Bai_3", "BT1-Bai_3\BT1-Bai_3.vcxproj", "{7CA7C505-0C5B-49D4-B1C1-1C063BA1F813}"
EndProject
Project("{8BC9CEB8-8B4A-11D0-8D11-00A0C91BC942}") = "BT1-Bai_2", "BT1-Bai_2\BT1-Bai_2.vcxproj", "{E3CD7F86-3396-4E33-888C-0E984AAAD453}"
EndProject
Project("{8BC9CEB8-8B4A-11D0-8D11-00A0C91BC942}") = "BT1-Bai_4", "BT1-Bai_4\BT1-Bai_4.vcxproj", "{60CB3CB9-A80C-44C3-B5D7-864AA005C887}"
EndProject
Global
	GlobalSection(SolutionConfigurationPlatforms) = preSolution
		Debug|x64 = Debug|x64
		Debug|x86 = Debug|x86
		Release|x64 = Release|x64
		Release|x86 = Release|x86
	EndGlobalSection
	GlobalSection(ProjectConfigurationPlatforms) = postSolution
		{99285F99-9E87-4A80-8723-C1183EF855B2}.Debug|x64.ActiveCfg = Debug|x64
		{99285F99-9E87-4A80-8723-C1183EF855B2}.Debug|x64.Build.0 = Debug|x64
		{99285F99-9E87-4A80-8723-C1183EF855B2}.Debug|x86.ActiveCfg = Debug|Win32
		{99285F99-9E87-4A80-8723-C1183EF855B2}.Debug|x86.Build.0 = Debug|Win32
		{99285F99-9E87-4A80-8723-C1183EF855B2}.Release|x64.ActiveCfg = Release|x64
		{99285F99-9E87-4A80-8723-C1183EF855B2}.Release|x64.Build.0 = Release|x64
		{99285F99-9E87-4A80-8723-C1183EF855B2}.Release|x86.ActiveCfg = Release|Win32
		{99285F99-9E87-4A80-8723-C1183EF855B2}.Release|x86.Build.0 = Release|Win32
		{7CA7C505-0C5B-49D4-B1C1-1C063BA1F813}.Debug|x64.ActiveCfg = Debug|x64
		{7CA7C505-0C5B-49D4-B1C1-1C063BA1F813}.Debug|x64.Build.0 = Debug|x64
		{7CA7C505-0C5B-49D4-B1C1-1C063BA1F813}.Debug|x86.ActiveCfg = Debug|Win32
		{7CA7C505-0C5B-49D4-B1C1-1C063BA1F813}.Debug|x86.Build.0 = Debug|Win32
		{7CA7C505-0C5B-49D4-B1C1-1C063BA1F813}.Release|x64.ActiveCfg = Release|x64
		{7CA7C505-0C5B-49D4-B1C1-1C063BA1F813}.Release|x64.Build.0 = Release|x64
		{7CA7C505-0C5B-49D4-B1C1-1C063BA1F813}.Release|x86.ActiveCfg = Release|Win32
		{7CA7C505-0C5B-49D4-B1C1-1C063BA1F813}.Release|x86.Build.0 = Release|Win32
		{E3CD7F86-3396-4E33-888C-0E984AAAD453}.Debug|x64.ActiveCfg = Debug|x64
		{E3CD7F86-3396-4E33-888C-0E984AAAD453}.Debug|x64.Build.0 = Debug|x64
		{E3CD7F86-3396-4E33-888C-0E984AAAD453}.Debug|x86.ActiveCfg = Debug|Win32
		{E3CD7F86-3396-4E33-888C-0E984AAAD453}.Debug|x86.Build.0 = Debug|Win32
		{E3CD7F86-3396-4E33-888C-0E984AAAD453}.Release|x64.ActiveCfg = Release|x64
		{E3CD7F86-3396-4E33-888C-0E984AAAD453}.Release|x64.Build.0 = Release|x64
		{E3CD7F86-3396-4E33-888C-0E984AAAD453}.Release|x86.ActiveCfg = Release|Win32
		{E3CD7F86-3396-4E33-888C-0E984AAAD453}.Release|x86.Build.0 = Release|Win32
		{60CB3CB9-A80C-44C3-B5D7-864AA005C887}.Debug|x64.ActiveCfg = Debug|x64
		{60CB3CB9-A80C-44C3-B5D7-864AA005C887}.Debug|x64.Build.0 = Debug|x64
		{60CB3CB9-A80C-44C3-B5D7-864AA005C887}.Debug|x86.ActiveCfg = Debug|Win32
		{60CB3CB9-A80C-44C3-B5D7-864AA005C887}.Debug|x86.Build.0 = Debug|Win32
		{60CB3CB9-A80C-44C3-B5D7-864AA005C887}.Release|x64.ActiveCfg = Release|x64
		{60CB3CB9-A80C-44C3-B5D7-864AA005C887}.Release|x64.Build.0 = Release|x64
		{60CB3CB9-A80C-44C3-B5D7-864AA005C887}.Release|x86.ActiveCfg = Release|Win32
		{60CB3CB9-A80C-44C3-B5D7-864AA005C887}.Release|x86.Build.0 = Release|Win32
	EndGlobalSection
	GlobalSection(SolutionProperties) = preSolution
		HideSolutionNode = FALSE
	EndGlobalSection
	GlobalSection(ExtensibilityGlobals) = postSolution
		SolutionGuid = {00E68E98-7B88-4985-B7F4-1721FB022EB0}
	EndGlobalSection
EndGlobal
